
Microsoft Visual Studio Solution File, Format Version 12.00
# Visual Studio Version 16
VisualStudioVersion = 16.0.30804.86
MinimumVisualStudioVersion = 10.0.40219.1
Project("{FAE04EC0-301F-11D3-BF4B-00C04F79EFBC}") = "ProductCategoryCRUD", "ProductCategoryCRUD\ProductCategoryCRUD.csproj", "{CC4AE738-F847-4BA2-8214-B105092F6CA1}"
EndProject
Global
	GlobalSection(SolutionConfigurationPlatforms) = preSolution
		Debug|Any CPU = Debug|Any CPU
		Release|Any CPU = Release|Any CPU
	EndGlobalSection
	GlobalSection(ProjectConfigurationPlatforms) = postSolution
		{CC4AE738-F847-4BA2-8214-B105092F6CA1}.Debug|Any CPU.ActiveCfg = Debug|Any CPU
		{CC4AE738-F847-4BA2-8214-B105092F6CA1}.Debug|Any CPU.Build.0 = Debug|Any CPU
		{CC4AE738-F847-4BA2-8214-B105092F6CA1}.Release|Any CPU.ActiveCfg = Release|Any CPU
		{CC4AE738-F847-4BA2-8214-B105092F6CA1}.Release|Any CPU.Build.0 = Release|Any CPU
	EndGlobalSection
	GlobalSection(SolutionProperties) = preSolution
		HideSolutionNode = FALSE
	EndGlobalSection
	GlobalSection(ExtensibilityGlobals) = postSolution
		SolutionGuid = {14C1A99F-8A5C-4C14-AB28-2B6054D2AA82}
	EndGlobalSection
EndGlobal
